
Microsoft Visual Studio Solution File, Format Version 12.00
# Visual Studio Version 17
VisualStudioVersion = 17.0.32014.148
MinimumVisualStudioVersion = 10.0.40219.1
Project("{9A19103F-16F7-4668-BE54-9A1E7A4F7556}") = "ActivityThree", "ActivityThree\ActivityThree.csproj", "{771F050B-6DA5-4518-9616-821AD22F0FAD}"
EndProject
Project("{9A19103F-16F7-4668-BE54-9A1E7A4F7556}") = "EFCore_Library", "EFCore_Library\EFCore_Library.csproj", "{F4EFDAB6-551E-490F-964D-35E724042256}"
EndProject
Project("{9A19103F-16F7-4668-BE54-9A1E7A4F7556}") = "InventoryModels", "InventoryModels\InventoryModels.csproj", "{05940EC9-24BE-4335-A277-B297DF6AD0D9}"
EndProject
Project("{9A19103F-16F7-4668-BE54-9A1E7A4F7556}") = "InventoryHelper", "InventoryHelper\InventoryHelper.csproj", "{940BDBB5-44FA-4F89-B4C0-83A5B1FE957A}"
EndProject
Project("{FAE04EC0-301F-11D3-BF4B-00C04F79EFBC}") = "DataMigrator", "DataMigrator\DataMigrator.csproj", "{367BF849-1628-46BE-9D15-0E5C6D15C40C}"
EndProject
Global
	GlobalSection(SolutionConfigurationPlatforms) = preSolution
		Debug|Any CPU = Debug|Any CPU
		Release|Any CPU = Release|Any CPU
	EndGlobalSection
	GlobalSection(ProjectConfigurationPlatforms) = postSolution
		{771F050B-6DA5-4518-9616-821AD22F0FAD}.Debug|Any CPU.ActiveCfg = Debug|Any CPU
		{771F050B-6DA5-4518-9616-821AD22F0FAD}.Debug|Any CPU.Build.0 = Debug|Any CPU
		{771F050B-6DA5-4518-9616-821AD22F0FAD}.Release|Any CPU.ActiveCfg = Release|Any CPU
		{771F050B-6DA5-4518-9616-821AD22F0FAD}.Release|Any CPU.Build.0 = Release|Any CPU
		{F4EFDAB6-551E-490F-964D-35E724042256}.Debug|Any CPU.ActiveCfg = Debug|Any CPU
		{F4EFDAB6-551E-490F-964D-35E724042256}.Debug|Any CPU.Build.0 = Debug|Any CPU
		{F4EFDAB6-551E-490F-964D-35E724042256}.Release|Any CPU.ActiveCfg = Release|Any CPU
		{F4EFDAB6-551E-490F-964D-35E724042256}.Release|Any CPU.Build.0 = Release|Any CPU
		{05940EC9-24BE-4335-A277-B297DF6AD0D9}.Debug|Any CPU.ActiveCfg = Debug|Any CPU
		{05940EC9-24BE-4335-A277-B297DF6AD0D9}.Debug|Any CPU.Build.0 = Debug|Any CPU
		{05940EC9-24BE-4335-A277-B297DF6AD0D9}.Release|Any CPU.ActiveCfg = Release|Any CPU
		{05940EC9-24BE-4335-A277-B297DF6AD0D9}.Release|Any CPU.Build.0 = Release|Any CPU
		{940BDBB5-44FA-4F89-B4C0-83A5B1FE957A}.Debug|Any CPU.ActiveCfg = Debug|Any CPU
		{940BDBB5-44FA-4F89-B4C0-83A5B1FE957A}.Debug|Any CPU.Build.0 = Debug|Any CPU
		{940BDBB5-44FA-4F89-B4C0-83A5B1FE957A}.Release|Any CPU.ActiveCfg = Release|Any CPU
		{940BDBB5-44FA-4F89-B4C0-83A5B1FE957A}.Release|Any CPU.Build.0 = Release|Any CPU
		{367BF849-1628-46BE-9D15-0E5C6D15C40C}.Debug|Any CPU.ActiveCfg = Debug|Any CPU
		{367BF849-1628-46BE-9D15-0E5C6D15C40C}.Debug|Any CPU.Build.0 = Debug|Any CPU
		{367BF849-1628-46BE-9D15-0E5C6D15C40C}.Release|Any CPU.ActiveCfg = Release|Any CPU
		{367BF849-1628-46BE-9D15-0E5C6D15C40C}.Release|Any CPU.Build.0 = Release|Any CPU
	EndGlobalSection
	GlobalSection(SolutionProperties) = preSolution
		HideSolutionNode = FALSE
	EndGlobalSection
	GlobalSection(ExtensibilityGlobals) = postSolution
		SolutionGuid = {5D34769E-2DD6-40A6-9FE9-DC43B2575C29}
	EndGlobalSection
EndGlobal
